
Microsoft Visual Studio Solution File, Format Version 12.00
# Visual Studio 15
VisualStudioVersion = 15.0.27428.2005
MinimumVisualStudioVersion = 10.0.40219.1
Project("{8BC9CEB8-8B4A-11D0-8D11-00A0C91BC942}") = "isPrime", "isPrime\isPrime.vcxproj", "{2751C9F4-A8E7-416C-BDBC-24AD98CE8750}"
EndProject
Global
	GlobalSection(SolutionConfigurationPlatforms) = preSolution
		Debug|x64 = Debug|x64
		Debug|x86 = Debug|x86
		Release|x64 = Release|x64
		Release|x86 = Release|x86
	EndGlobalSection
	GlobalSection(ProjectConfigurationPlatforms) = postSolution
		{2751C9F4-A8E7-416C-BDBC-24AD98CE8750}.Debug|x64.ActiveCfg = Debug|x64
		{2751C9F4-A8E7-416C-BDBC-24AD98CE8750}.Debug|x64.Build.0 = Debug|x64
		{2751C9F4-A8E7-416C-BDBC-24AD98CE8750}.Debug|x86.ActiveCfg = Debug|Win32
		{2751C9F4-A8E7-416C-BDBC-24AD98CE8750}.Debug|x86.Build.0 = Debug|Win32
		{2751C9F4-A8E7-416C-BDBC-24AD98CE8750}.Release|x64.ActiveCfg = Release|x64
		{2751C9F4-A8E7-416C-BDBC-24AD98CE8750}.Release|x64.Build.0 = Release|x64
		{2751C9F4-A8E7-416C-BDBC-24AD98CE8750}.Release|x86.ActiveCfg = Release|Win32
		{2751C9F4-A8E7-416C-BDBC-24AD98CE8750}.Release|x86.Build.0 = Release|Win32
	EndGlobalSection
	GlobalSection(SolutionProperties) = preSolution
		HideSolutionNode = FALSE
	EndGlobalSection
	GlobalSection(ExtensibilityGlobals) = postSolution
		SolutionGuid = {38324E72-480A-459B-844D-BB541D61D35D}
	EndGlobalSection
EndGlobal
