
Microsoft Visual Studio Solution File, Format Version 12.00
# Visual Studio 15
VisualStudioVersion = 15.0.27428.2015
MinimumVisualStudioVersion = 10.0.40219.1
Project("{8BC9CEB8-8B4A-11D0-8D11-00A0C91BC942}") = "encrypt_decrypt", "encrypt_decrypt\encrypt_decrypt.vcxproj", "{10A3371B-4749-4E64-99CC-039D24EF325B}"
EndProject
Global
	GlobalSection(SolutionConfigurationPlatforms) = preSolution
		Debug|x64 = Debug|x64
		Debug|x86 = Debug|x86
		Release|x64 = Release|x64
		Release|x86 = Release|x86
	EndGlobalSection
	GlobalSection(ProjectConfigurationPlatforms) = postSolution
		{10A3371B-4749-4E64-99CC-039D24EF325B}.Debug|x64.ActiveCfg = Debug|x64
		{10A3371B-4749-4E64-99CC-039D24EF325B}.Debug|x64.Build.0 = Debug|x64
		{10A3371B-4749-4E64-99CC-039D24EF325B}.Debug|x86.ActiveCfg = Debug|Win32
		{10A3371B-4749-4E64-99CC-039D24EF325B}.Debug|x86.Build.0 = Debug|Win32
		{10A3371B-4749-4E64-99CC-039D24EF325B}.Release|x64.ActiveCfg = Release|x64
		{10A3371B-4749-4E64-99CC-039D24EF325B}.Release|x64.Build.0 = Release|x64
		{10A3371B-4749-4E64-99CC-039D24EF325B}.Release|x86.ActiveCfg = Release|Win32
		{10A3371B-4749-4E64-99CC-039D24EF325B}.Release|x86.Build.0 = Release|Win32
	EndGlobalSection
	GlobalSection(SolutionProperties) = preSolution
		HideSolutionNode = FALSE
	EndGlobalSection
	GlobalSection(ExtensibilityGlobals) = postSolution
		SolutionGuid = {DEB35C22-C347-4037-A2D9-7DFEA7E19800}
	EndGlobalSection
EndGlobal
