
Microsoft Visual Studio Solution File, Format Version 12.00
# Visual Studio 15
VisualStudioVersion = 15.0.27428.2005
MinimumVisualStudioVersion = 10.0.40219.1
Project("{8BC9CEB8-8B4A-11D0-8D11-00A0C91BC942}") = "encrypt_decrypt", "encrypt_decrypt\encrypt_decrypt.vcxproj", "{907B550E-033A-48DD-A419-04C62555DC77}"
EndProject
Global
	GlobalSection(SolutionConfigurationPlatforms) = preSolution
		Debug|x64 = Debug|x64
		Debug|x86 = Debug|x86
		Release|x64 = Release|x64
		Release|x86 = Release|x86
	EndGlobalSection
	GlobalSection(ProjectConfigurationPlatforms) = postSolution
		{907B550E-033A-48DD-A419-04C62555DC77}.Debug|x64.ActiveCfg = Debug|x64
		{907B550E-033A-48DD-A419-04C62555DC77}.Debug|x64.Build.0 = Debug|x64
		{907B550E-033A-48DD-A419-04C62555DC77}.Debug|x86.ActiveCfg = Debug|Win32
		{907B550E-033A-48DD-A419-04C62555DC77}.Debug|x86.Build.0 = Debug|Win32
		{907B550E-033A-48DD-A419-04C62555DC77}.Release|x64.ActiveCfg = Release|x64
		{907B550E-033A-48DD-A419-04C62555DC77}.Release|x64.Build.0 = Release|x64
		{907B550E-033A-48DD-A419-04C62555DC77}.Release|x86.ActiveCfg = Release|Win32
		{907B550E-033A-48DD-A419-04C62555DC77}.Release|x86.Build.0 = Release|Win32
	EndGlobalSection
	GlobalSection(SolutionProperties) = preSolution
		HideSolutionNode = FALSE
	EndGlobalSection
	GlobalSection(ExtensibilityGlobals) = postSolution
		SolutionGuid = {27AB8428-626E-4645-9C05-306C8EBAE3F3}
	EndGlobalSection
EndGlobal
