
Microsoft Visual Studio Solution File, Format Version 12.00
# Visual Studio 15
VisualStudioVersion = 15.0.27428.2002
MinimumVisualStudioVersion = 10.0.40219.1
Project("{8BC9CEB8-8B4A-11D0-8D11-00A0C91BC942}") = "大佬跑程序", "大佬跑程序\大佬跑程序.vcxproj", "{BFF098E7-97CC-4994-BD93-BC8937858022}"
EndProject
Global
	GlobalSection(SolutionConfigurationPlatforms) = preSolution
		Debug|x64 = Debug|x64
		Debug|x86 = Debug|x86
		Release|x64 = Release|x64
		Release|x86 = Release|x86
	EndGlobalSection
	GlobalSection(ProjectConfigurationPlatforms) = postSolution
		{BFF098E7-97CC-4994-BD93-BC8937858022}.Debug|x64.ActiveCfg = Debug|x64
		{BFF098E7-97CC-4994-BD93-BC8937858022}.Debug|x64.Build.0 = Debug|x64
		{BFF098E7-97CC-4994-BD93-BC8937858022}.Debug|x86.ActiveCfg = Debug|Win32
		{BFF098E7-97CC-4994-BD93-BC8937858022}.Debug|x86.Build.0 = Debug|Win32
		{BFF098E7-97CC-4994-BD93-BC8937858022}.Release|x64.ActiveCfg = Release|x64
		{BFF098E7-97CC-4994-BD93-BC8937858022}.Release|x64.Build.0 = Release|x64
		{BFF098E7-97CC-4994-BD93-BC8937858022}.Release|x86.ActiveCfg = Release|Win32
		{BFF098E7-97CC-4994-BD93-BC8937858022}.Release|x86.Build.0 = Release|Win32
	EndGlobalSection
	GlobalSection(SolutionProperties) = preSolution
		HideSolutionNode = FALSE
	EndGlobalSection
	GlobalSection(ExtensibilityGlobals) = postSolution
		SolutionGuid = {E899BAE2-E4A0-46DA-A2D1-0B3E1BDF023D}
	EndGlobalSection
EndGlobal
