
Microsoft Visual Studio Solution File, Format Version 12.00
# Visual Studio 15
VisualStudioVersion = 15.0.27428.2005
MinimumVisualStudioVersion = 10.0.40219.1
Project("{8BC9CEB8-8B4A-11D0-8D11-00A0C91BC942}") = "running letter", "running letter\running letter.vcxproj", "{DF7DD697-BA29-4117-9F57-BC5D76943C76}"
EndProject
Global
	GlobalSection(SolutionConfigurationPlatforms) = preSolution
		Debug|x64 = Debug|x64
		Debug|x86 = Debug|x86
		Release|x64 = Release|x64
		Release|x86 = Release|x86
	EndGlobalSection
	GlobalSection(ProjectConfigurationPlatforms) = postSolution
		{DF7DD697-BA29-4117-9F57-BC5D76943C76}.Debug|x64.ActiveCfg = Debug|x64
		{DF7DD697-BA29-4117-9F57-BC5D76943C76}.Debug|x64.Build.0 = Debug|x64
		{DF7DD697-BA29-4117-9F57-BC5D76943C76}.Debug|x86.ActiveCfg = Debug|Win32
		{DF7DD697-BA29-4117-9F57-BC5D76943C76}.Debug|x86.Build.0 = Debug|Win32
		{DF7DD697-BA29-4117-9F57-BC5D76943C76}.Release|x64.ActiveCfg = Release|x64
		{DF7DD697-BA29-4117-9F57-BC5D76943C76}.Release|x64.Build.0 = Release|x64
		{DF7DD697-BA29-4117-9F57-BC5D76943C76}.Release|x86.ActiveCfg = Release|Win32
		{DF7DD697-BA29-4117-9F57-BC5D76943C76}.Release|x86.Build.0 = Release|Win32
	EndGlobalSection
	GlobalSection(SolutionProperties) = preSolution
		HideSolutionNode = FALSE
	EndGlobalSection
	GlobalSection(ExtensibilityGlobals) = postSolution
		SolutionGuid = {4648C337-E9D9-4DAA-9BE4-5058E1AA13E4}
	EndGlobalSection
EndGlobal
